
Microsoft Visual Studio Solution File, Format Version 12.00
# Visual Studio Version 16
VisualStudioVersion = 16.0.30128.74
MinimumVisualStudioVersion = 10.0.40219.1
Project("{9A19103F-16F7-4668-BE54-9A1E7A4F7556}") = "Meadowbrot", "Meadowbrot\Meadowbrot.csproj", "{2E208965-5C24-4601-A287-B8FA2A4C7FF1}"
EndProject
Project("{F2A71F9B-5D33-465A-A702-920D77279786}") = "MandelbrotF", "MandelbrotF\MandelbrotF.fsproj", "{6D6A4442-F52B-4567-9092-0C85626BEF22}"
EndProject
Project("{F184B08F-C81C-45F6-A57F-5ABD9991F28F}") = "MandelbrotVB", "MandelbrotVB\MandelbrotVB.vbproj", "{2EBAEC18-8EDB-430F-BC24-317A26B8B757}"
EndProject
Global
	GlobalSection(SolutionConfigurationPlatforms) = preSolution
		Debug|Any CPU = Debug|Any CPU
		Release|Any CPU = Release|Any CPU
	EndGlobalSection
	GlobalSection(ProjectConfigurationPlatforms) = postSolution
		{2E208965-5C24-4601-A287-B8FA2A4C7FF1}.Debug|Any CPU.ActiveCfg = Debug|Any CPU
		{2E208965-5C24-4601-A287-B8FA2A4C7FF1}.Debug|Any CPU.Build.0 = Debug|Any CPU
		{2E208965-5C24-4601-A287-B8FA2A4C7FF1}.Debug|Any CPU.Deploy.0 = Debug|Any CPU
		{2E208965-5C24-4601-A287-B8FA2A4C7FF1}.Release|Any CPU.ActiveCfg = Release|Any CPU
		{2E208965-5C24-4601-A287-B8FA2A4C7FF1}.Release|Any CPU.Build.0 = Release|Any CPU
		{2E208965-5C24-4601-A287-B8FA2A4C7FF1}.Release|Any CPU.Deploy.0 = Release|Any CPU
		{6D6A4442-F52B-4567-9092-0C85626BEF22}.Debug|Any CPU.ActiveCfg = Debug|Any CPU
		{6D6A4442-F52B-4567-9092-0C85626BEF22}.Debug|Any CPU.Build.0 = Debug|Any CPU
		{6D6A4442-F52B-4567-9092-0C85626BEF22}.Release|Any CPU.ActiveCfg = Release|Any CPU
		{6D6A4442-F52B-4567-9092-0C85626BEF22}.Release|Any CPU.Build.0 = Release|Any CPU
		{2EBAEC18-8EDB-430F-BC24-317A26B8B757}.Debug|Any CPU.ActiveCfg = Debug|Any CPU
		{2EBAEC18-8EDB-430F-BC24-317A26B8B757}.Debug|Any CPU.Build.0 = Debug|Any CPU
		{2EBAEC18-8EDB-430F-BC24-317A26B8B757}.Release|Any CPU.ActiveCfg = Release|Any CPU
		{2EBAEC18-8EDB-430F-BC24-317A26B8B757}.Release|Any CPU.Build.0 = Release|Any CPU
	EndGlobalSection
	GlobalSection(SolutionProperties) = preSolution
		HideSolutionNode = FALSE
	EndGlobalSection
	GlobalSection(ExtensibilityGlobals) = postSolution
		SolutionGuid = {1AA2C3A9-1728-48A7-AE50-016B7D49EC41}
	EndGlobalSection
EndGlobal
